
Microsoft Visual Studio Solution File, Format Version 12.00
# Visual Studio Version 16
VisualStudioVersion = 16.0.30717.126
MinimumVisualStudioVersion = 10.0.40219.1
Project("{9A19103F-16F7-4668-BE54-9A1E7A4F7556}") = "RiseHax.WinForms", "RiseHax.WinForms\RiseHax.WinForms.csproj", "{EC270A2B-C05F-4149-9964-25CA7325855D}"
EndProject
Global
	GlobalSection(SolutionConfigurationPlatforms) = preSolution
		Debug|Any CPU = Debug|Any CPU
		Release|Any CPU = Release|Any CPU
	EndGlobalSection
	GlobalSection(ProjectConfigurationPlatforms) = postSolution
		{EC270A2B-C05F-4149-9964-25CA7325855D}.Debug|Any CPU.ActiveCfg = Debug|Any CPU
		{EC270A2B-C05F-4149-9964-25CA7325855D}.Debug|Any CPU.Build.0 = Debug|Any CPU
		{EC270A2B-C05F-4149-9964-25CA7325855D}.Release|Any CPU.ActiveCfg = Release|Any CPU
		{EC270A2B-C05F-4149-9964-25CA7325855D}.Release|Any CPU.Build.0 = Release|Any CPU
	EndGlobalSection
	GlobalSection(SolutionProperties) = preSolution
		HideSolutionNode = FALSE
	EndGlobalSection
	GlobalSection(ExtensibilityGlobals) = postSolution
		SolutionGuid = {612AC44A-9A6F-4D6E-BFFF-ABE4DA8249CF}
	EndGlobalSection
EndGlobal
